// !$*UTF8*$!
{
	archiveVersion = 1;
	classes = {
	};
	objectVersion = 77;
	objects = {

/* Begin PBXContainerItemProxy section */
		85CF34062D5E77FA00187C2A /* PBXContainerItemProxy */ = {
			isa = PBXContainerItemProxy;
			containerPortal = 85CF33ED2D5E77F200187C2A /* Project object */;
			proxyType = 1;
			remoteGlobalIDString = 85CF33F42D5E77F200187C2A;
			remoteInfo = FetchRecipes;
		};
		85CF34102D5E77FA00187C2A /* PBXContainerItemProxy */ = {
			isa = PBXContainerItemProxy;
			containerPortal = 85CF33ED2D5E77F200187C2A /* Project object */;
			proxyType = 1;
			remoteGlobalIDString = 85CF33F42D5E77F200187C2A;
			remoteInfo = FetchRecipes;
		};
/* End PBXContainerItemProxy section */

/* Begin PBXFileReference section */
		85CF33F52D5E77F200187C2A /* FetchRecipes.app */ = {isa = PBXFileReference; explicitFileType = wrapper.application; includeInIndex = 0; path = FetchRecipes.app; sourceTree = BUILT_PRODUCTS_DIR; };
		85CF34052D5E77FA00187C2A /* FetchRecipesTests.xctest */ = {isa = PBXFileReference; explicitFileType = wrapper.cfbundle; includeInIndex = 0; path = FetchRecipesTests.xctest; sourceTree = BUILT_PRODUCTS_DIR; };
		85CF340F2D5E77FA00187C2A /* FetchRecipesUITests.xctest */ = {isa = PBXFileReference; explicitFileType = wrapper.cfbundle; includeInIndex = 0; path = FetchRecipesUITests.xctest; sourceTree = BUILT_PRODUCTS_DIR; };
/* End PBXFileReference section */

/* Begin PBXFileSystemSynchronizedRootGroup section */
		85CF33F72D5E77F200187C2A /* FetchRecipes */ = {
			isa = PBXFileSystemSynchronizedRootGroup;
			path = FetchRecipes;
			sourceTree = "<group>";
		};
		85CF34082D5E77FA00187C2A /* FetchRecipesTests */ = {
			isa = PBXFileSystemSynchronizedRootGroup;
			path = FetchRecipesTests;
			sourceTree = "<group>";
		};
		85CF34122D5E77FA00187C2A /* FetchRecipesUITests */ = {
			isa = PBXFileSystemSynchronizedRootGroup;
			path = FetchRecipesUITests;
			sourceTree = "<group>";
		};
/* End PBXFileSystemSynchronizedRootGroup section */

/* Begin PBXFrameworksBuildPhase section */
		85CF33F22D5E77F200187C2A /* Frameworks */ = {
			isa = PBXFrameworksBuildPhase;
			buildActionMask = 2147483647;
			files = (
			);
			runOnlyForDeploymentPostprocessing = 0;
		};
		85CF34022D5E77FA00187C2A /* Frameworks */ = {
			isa = PBXFrameworksBuildPhase;
			buildActionMask = 2147483647;
			files = (
			);
			runOnlyForDeploymentPostprocessing = 0;
		};
		85CF340C2D5E77FA00187C2A /* Frameworks */ = {
			isa = PBXFrameworksBuildPhase;
			buildActionMask = 2147483647;
			files = (
			);
			runOnlyForDeploymentPostprocessing = 0;
		};
/* End PBXFrameworksBuildPhase section */

/* Begin PBXGroup section */
		85CF33EC2D5E77F200187C2A = {
			isa = PBXGroup;
			children = (
				85CF33F72D5E77F200187C2A /* FetchRecipes */,
				85CF34082D5E77FA00187C2A /* FetchRecipesTests */,
				85CF34122D5E77FA00187C2A /* FetchRecipesUITests */,
				85CF33F62D5E77F200187C2A /* Products */,
			);
			sourceTree = "<group>";
		};
		85CF33F62D5E77F200187C2A /* Products */ = {
			isa = PBXGroup;
			children = (
				85CF33F52D5E77F200187C2A /* FetchRecipes.app */,
				85CF34052D5E77FA00187C2A /* FetchRecipesTests.xctest */,
				85CF340F2D5E77FA00187C2A /* FetchRecipesUITests.xctest */,
			);
			name = Products;
			sourceTree = "<group>";
		};
/* End PBXGroup section */

/* Begin PBXNativeTarget section */
		85CF33F42D5E77F200187C2A /* FetchRecipes */ = {
			isa = PBXNativeTarget;
			buildConfigurationList = 85CF34192D5E77FA00187C2A /* Build configuration list for PBXNativeTarget "FetchRecipes" */;
			buildPhases = (
				85CF33F12D5E77F200187C2A /* Sources */,
				85CF33F22D5E77F200187C2A /* Frameworks */,
				85CF33F32D5E77F200187C2A /* Resources */,
			);
			buildRules = (
			);
			dependencies = (
			);
			fileSystemSynchronizedGroups = (
				85CF33F72D5E77F200187C2A /* FetchRecipes */,
			);
			name = FetchRecipes;
			packageProductDependencies = (
			);
			productName = FetchRecipes;
			productReference = 85CF33F52D5E77F200187C2A /* FetchRecipes.app */;
			productType = "com.apple.product-type.application";
		};
		85CF34042D5E77FA00187C2A /* FetchRecipesTests */ = {
			isa = PBXNativeTarget;
			buildConfigurationList = 85CF341C2D5E77FA00187C2A /* Build configuration list for PBXNativeTarget "FetchRecipesTests" */;
			buildPhases = (
				85CF34012D5E77FA00187C2A /* Sources */,
				85CF34022D5E77FA00187C2A /* Frameworks */,
				85CF34032D5E77FA00187C2A /* Resources */,
			);
			buildRules = (
			);
			dependencies = (
				85CF34072D5E77FA00187C2A /* PBXTargetDependency */,
			);
			fileSystemSynchronizedGroups = (
				85CF34082D5E77FA00187C2A /* FetchRecipesTests */,
			);
			name = FetchRecipesTests;
			packageProductDependencies = (
			);
			productName = FetchRecipesTests;
			productReference = 85CF34052D5E77FA00187C2A /* FetchRecipesTests.xctest */;
			productType = "com.apple.product-type.bundle.unit-test";
		};
		85CF340E2D5E77FA00187C2A /* FetchRecipesUITests */ = {
			isa = PBXNativeTarget;
			buildConfigurationList = 85CF341F2D5E77FA00187C2A /* Build configuration list for PBXNativeTarget "FetchRecipesUITests" */;
			buildPhases = (
				85CF340B2D5E77FA00187C2A /* Sources */,
				85CF340C2D5E77FA00187C2A /* Frameworks */,
				85CF340D2D5E77FA00187C2A /* Resources */,
			);
			buildRules = (
			);
			dependencies = (
				85CF34112D5E77FA00187C2A /* PBXTargetDependency */,
			);
			fileSystemSynchronizedGroups = (
				85CF34122D5E77FA00187C2A /* FetchRecipesUITests */,
			);
			name = FetchRecipesUITests;
			packageProductDependencies = (
			);
			productName = FetchRecipesUITests;
			productReference = 85CF340F2D5E77FA00187C2A /* FetchRecipesUITests.xctest */;
			productType = "com.apple.product-type.bundle.ui-testing";
		};
/* End PBXNativeTarget section */

/* Begin PBXProject section */
		85CF33ED2D5E77F200187C2A /* Project object */ = {
			isa = PBXProject;
			attributes = {
				BuildIndependentTargetsInParallel = 1;
				LastSwiftUpdateCheck = 1620;
				LastUpgradeCheck = 1620;
				TargetAttributes = {
					85CF33F42D5E77F200187C2A = {
						CreatedOnToolsVersion = 16.2;
					};
					85CF34042D5E77FA00187C2A = {
						CreatedOnToolsVersion = 16.2;
						TestTargetID = 85CF33F42D5E77F200187C2A;
					};
					85CF340E2D5E77FA00187C2A = {
						CreatedOnToolsVersion = 16.2;
						TestTargetID = 85CF33F42D5E77F200187C2A;
					};
				};
			};
			buildConfigurationList = 85CF33F02D5E77F200187C2A /* Build configuration list for PBXProject "FetchRecipes" */;
			developmentRegion = en;
			hasScannedForEncodings = 0;
			knownRegions = (
				en,
				Base,
			);
			mainGroup = 85CF33EC2D5E77F200187C2A;
			minimizedProjectReferenceProxies = 1;
			preferredProjectObjectVersion = 77;
			productRefGroup = 85CF33F62D5E77F200187C2A /* Products */;
			projectDirPath = "";
			projectRoot = "";
			targets = (
				85CF33F42D5E77F200187C2A /* FetchRecipes */,
				85CF34042D5E77FA00187C2A /* FetchRecipesTests */,
				85CF340E2D5E77FA00187C2A /* FetchRecipesUITests */,
			);
		};
/* End PBXProject section */

/* Begin PBXResourcesBuildPhase section */
		85CF33F32D5E77F200187C2A /* Resources */ = {
			isa = PBXResourcesBuildPhase;
			buildActionMask = 2147483647;
			files = (
			);
			runOnlyForDeploymentPostprocessing = 0;
		};
		85CF34032D5E77FA00187C2A /* Resources */ = {
			isa = PBXResourcesBuildPhase;
			buildActionMask = 2147483647;
			files = (
			);
			runOnlyForDeploymentPostprocessing = 0;
		};
		85CF340D2D5E77FA00187C2A /* Resources */ = {
			isa = PBXResourcesBuildPhase;
			buildActionMask = 2147483647;
			files = (
			);
			runOnlyForDeploymentPostprocessing = 0;
		};
/* End PBXResourcesBuildPhase section */

/* Begin PBXSourcesBuildPhase section */
		85CF33F12D5E77F200187C2A /* Sources */ = {
			isa = PBXSourcesBuildPhase;
			buildActionMask = 2147483647;
			files = (
			);
			runOnlyForDeploymentPostprocessing = 0;
		};
		85CF34012D5E77FA00187C2A /* Sources */ = {
			isa = PBXSourcesBuildPhase;
			buildActionMask = 2147483647;
			files = (
			);
			runOnlyForDeploymentPostprocessing = 0;
		};
		85CF340B2D5E77FA00187C2A /* Sources */ = {
			isa = PBXSourcesBuildPhase;
			buildActionMask = 2147483647;
			files = (
			);
			runOnlyForDeploymentPostprocessing = 0;
		};
/* End PBXSourcesBuildPhase section */

/* Begin PBXTargetDependency section */
		85CF34072D5E77FA00187C2A /* PBXTargetDependency */ = {
			isa = PBXTargetDependency;
			target = 85CF33F42D5E77F200187C2A /* FetchRecipes */;
			targetProxy = 85CF34062D5E77FA00187C2A /* PBXContainerItemProxy */;
		};
		85CF34112D5E77FA00187C2A /* PBXTargetDependency */ = {
			isa = PBXTargetDependency;
			target = 85CF33F42D5E77F200187C2A /* FetchRecipes */;
			targetProxy = 85CF34102D5E77FA00187C2A /* PBXContainerItemProxy */;
		};
/* End PBXTargetDependency section */

/* Begin XCBuildConfiguration section */
		85CF34172D5E77FA00187C2A /* Debug */ = {
			isa = XCBuildConfiguration;
			buildSettings = {
				ALWAYS_SEARCH_USER_PATHS = NO;
				ASSETCATALOG_COMPILER_GENERATE_SWIFT_ASSET_SYMBOL_EXTENSIONS = YES;
				CLANG_ANALYZER_NONNULL = YES;
				CLANG_ANALYZER_NUMBER_OBJECT_CONVERSION = YES_AGGRESSIVE;
				CLANG_CXX_LANGUAGE_STANDARD = "gnu++20";
				CLANG_ENABLE_MODULES = YES;
				CLANG_ENABLE_OBJC_ARC = YES;
				CLANG_ENABLE_OBJC_WEAK = YES;
				CLANG_WARN_BLOCK_CAPTURE_AUTORELEASING = YES;
				CLANG_WARN_BOOL_CONVERSION = YES;
				CLANG_WARN_COMMA = YES;
				CLANG_WARN_CONSTANT_CONVERSION = YES;
				CLANG_WARN_DEPRECATED_OBJC_IMPLEMENTATIONS = YES;
				CLANG_WARN_DIRECT_OBJC_ISA_USAGE = YES_ERROR;
				CLANG_WARN_DOCUMENTATION_COMMENTS = YES;
				CLANG_WARN_EMPTY_BODY = YES;
				CLANG_WARN_ENUM_CONVERSION = YES;
				CLANG_WARN_INFINITE_RECURSION = YES;
				CLANG_WARN_INT_CONVERSION = YES;
				CLANG_WARN_NON_LITERAL_NULL_CONVERSION = YES;
				CLANG_WARN_OBJC_IMPLICIT_RETAIN_SELF = YES;
				CLANG_WARN_OBJC_LITERAL_CONVERSION = YES;
				CLANG_WARN_OBJC_ROOT_CLASS = YES_ERROR;
				CLANG_WARN_QUOTED_INCLUDE_IN_FRAMEWORK_HEADER = YES;
				CLANG_WARN_RANGE_LOOP_ANALYSIS = YES;
				CLANG_WARN_STRICT_PROTOTYPES = YES;
				CLANG_WARN_SUSPICIOUS_MOVE = YES;
				CLANG_WARN_UNGUARDED_AVAILABILITY = YES_AGGRESSIVE;
				CLANG_WARN_UNREACHABLE_CODE = YES;
				CLANG_WARN__DUPLICATE_METHOD_MATCH = YES;
				COPY_PHASE_STRIP = NO;
				DEBUG_INFORMATION_FORMAT = dwarf;
				ENABLE_STRICT_OBJC_MSGSEND = YES;
				ENABLE_TESTABILITY = YES;
				ENABLE_USER_SCRIPT_SANDBOXING = YES;
				GCC_C_LANGUAGE_STANDARD = gnu17;
				GCC_DYNAMIC_NO_PIC = NO;
				GCC_NO_COMMON_BLOCKS = YES;
				GCC_OPTIMIZATION_LEVEL = 0;
				GCC_PREPROCESSOR_DEFINITIONS = (
					"DEBUG=1",
					"$(inherited)",
				);
				GCC_WARN_64_TO_32_BIT_CONVERSION = YES;
				GCC_WARN_ABOUT_RETURN_TYPE = YES_ERROR;
				GCC_WARN_UNDECLARED_SELECTOR = YES;
				GCC_WARN_UNINITIALIZED_AUTOS = YES_AGGRESSIVE;
				GCC_WARN_UNUSED_FUNCTION = YES;
				GCC_WARN_UNUSED_VARIABLE = YES;
				IPHONEOS_DEPLOYMENT_TARGET = 18.2;
				LOCALIZATION_PREFERS_STRING_CATALOGS = YES;
				MTL_ENABLE_DEBUG_INFO = INCLUDE_SOURCE;
				MTL_FAST_MATH = YES;
				ONLY_ACTIVE_ARCH = YES;
				SDKROOT = iphoneos;
				SWIFT_ACTIVE_COMPILATION_CONDITIONS = "DEBUG $(inherited)";
				SWIFT_OPTIMIZATION_LEVEL = "-Onone";
			};
			name = Debug;
		};
		85CF34182D5E77FA00187C2A /* Release */ = {
			isa = XCBuildConfiguration;
			buildSettings = {
				ALWAYS_SEARCH_USER_PATHS = NO;
				ASSETCATALOG_COMPILER_GENERATE_SWIFT_ASSET_SYMBOL_EXTENSIONS = YES;
				CLANG_ANALYZER_NONNULL = YES;
				CLANG_ANALYZER_NUMBER_OBJECT_CONVERSION = YES_AGGRESSIVE;
				CLANG_CXX_LANGUAGE_STANDARD = "gnu++20";
				CLANG_ENABLE_MODULES = YES;
				CLANG_ENABLE_OBJC_ARC = YES;
				CLANG_ENABLE_OBJC_WEAK = YES;
				CLANG_WARN_BLOCK_CAPTURE_AUTORELEASING = YES;
				CLANG_WARN_BOOL_CONVERSION = YES;
				CLANG_WARN_COMMA = YES;
				CLANG_WARN_CONSTANT_CONVERSION = YES;
				CLANG_WARN_DEPRECATED_OBJC_IMPLEMENTATIONS = YES;
				CLANG_WARN_DIRECT_OBJC_ISA_USAGE = YES_ERROR;
				CLANG_WARN_DOCUMENTATION_COMMENTS = YES;
				CLANG_WARN_EMPTY_BODY = YES;
				CLANG_WARN_ENUM_CONVERSION = YES;
				CLANG_WARN_INFINITE_RECURSION = YES;
				CLANG_WARN_INT_CONVERSION = YES;
				CLANG_WARN_NON_LITERAL_NULL_CONVERSION = YES;
				CLANG_WARN_OBJC_IMPLICIT_RETAIN_SELF = YES;
				CLANG_WARN_OBJC_LITERAL_CONVERSION = YES;
				CLANG_WARN_OBJC_ROOT_CLASS = YES_ERROR;
				CLANG_WARN_QUOTED_INCLUDE_IN_FRAMEWORK_HEADER = YES;
				CLANG_WARN_RANGE_LOOP_ANALYSIS = YES;
				CLANG_WARN_STRICT_PROTOTYPES = YES;
				CLANG_WARN_SUSPICIOUS_MOVE = YES;
				CLANG_WARN_UNGUARDED_AVAILABILITY = YES_AGGRESSIVE;
				CLANG_WARN_UNREACHABLE_CODE = YES;
				CLANG_WARN__DUPLICATE_METHOD_MATCH = YES;
				COPY_PHASE_STRIP = NO;
				DEBUG_INFORMATION_FORMAT = "dwarf-with-dsym";
				ENABLE_NS_ASSERTIONS = NO;
				ENABLE_STRICT_OBJC_MSGSEND = YES;
				ENABLE_USER_SCRIPT_SANDBOXING = YES;
				GCC_C_LANGUAGE_STANDARD = gnu17;
				GCC_NO_COMMON_BLOCKS = YES;
				GCC_WARN_64_TO_32_BIT_CONVERSION = YES;
				GCC_WARN_ABOUT_RETURN_TYPE = YES_ERROR;
				GCC_WARN_UNDECLARED_SELECTOR = YES;
				GCC_WARN_UNINITIALIZED_AUTOS = YES_AGGRESSIVE;
				GCC_WARN_UNUSED_FUNCTION = YES;
				GCC_WARN_UNUSED_VARIABLE = YES;
				IPHONEOS_DEPLOYMENT_TARGET = 18.2;
				LOCALIZATION_PREFERS_STRING_CATALOGS = YES;
				MTL_ENABLE_DEBUG_INFO = NO;
				MTL_FAST_MATH = YES;
				SDKROOT = iphoneos;
				SWIFT_COMPILATION_MODE = wholemodule;
				VALIDATE_PRODUCT = YES;
			};
			name = Release;
		};
		85CF341A2D5E77FA00187C2A /* Debug */ = {
			isa = XCBuildConfiguration;
			buildSettings = {
				ASSETCATALOG_COMPILER_APPICON_NAME = AppIcon;
				ASSETCATALOG_COMPILER_GLOBAL_ACCENT_COLOR_NAME = AccentColor;
				CODE_SIGN_STYLE = Automatic;
				CURRENT_PROJECT_VERSION = 1;
				DEVELOPMENT_ASSET_PATHS = "\"FetchRecipes/Preview Content\"";
				DEVELOPMENT_TEAM = NB4GG24FWL;
				ENABLE_PREVIEWS = YES;
				GENERATE_INFOPLIST_FILE = YES;
				INFOPLIST_KEY_UIApplicationSceneManifest_Generation = YES;
				INFOPLIST_KEY_UIApplicationSupportsIndirectInputEvents = YES;
				INFOPLIST_KEY_UILaunchScreen_Generation = YES;
				INFOPLIST_KEY_UISupportedInterfaceOrientations_iPad = "UIInterfaceOrientationPortrait UIInterfaceOrientationPortraitUpsideDown UIInterfaceOrientationLandscapeLeft UIInterfaceOrientationLandscapeRight";
				INFOPLIST_KEY_UISupportedInterfaceOrientations_iPhone = "UIInterfaceOrientationPortrait UIInterfaceOrientationLandscapeLeft UIInterfaceOrientationLandscapeRight";
				IPHONEOS_DEPLOYMENT_TARGET = 16.6;
				LD_RUNPATH_SEARCH_PATHS = (
					"$(inherited)",
					"@executable_path/Frameworks",
				);
				MARKETING_VERSION = 1.0;
				PRODUCT_BUNDLE_IDENTIFIER = com.sdsoftware.FetchRecipes;
				PRODUCT_NAME = "$(TARGET_NAME)";
				SWIFT_EMIT_LOC_STRINGS = YES;
				SWIFT_VERSION = 5.0;
				TARGETED_DEVICE_FAMILY = "1,2";
			};
			name = Debug;
		};
		85CF341B2D5E77FA00187C2A /* Release */ = {
			isa = XCBuildConfiguration;
			buildSettings = {
				ASSETCATALOG_COMPILER_APPICON_NAME = AppIcon;
				ASSETCATALOG_COMPILER_GLOBAL_ACCENT_COLOR_NAME = AccentColor;
				CODE_SIGN_STYLE = Automatic;
				CURRENT_PROJECT_VERSION = 1;
				DEVELOPMENT_ASSET_PATHS = "\"FetchRecipes/Preview Content\"";
				DEVELOPMENT_TEAM = NB4GG24FWL;
				ENABLE_PREVIEWS = YES;
				GENERATE_INFOPLIST_FILE = YES;
				INFOPLIST_KEY_UIApplicationSceneManifest_Generation = YES;
				INFOPLIST_KEY_UIApplicationSupportsIndirectInputEvents = YES;
				INFOPLIST_KEY_UILaunchScreen_Generation = YES;
				INFOPLIST_KEY_UISupportedInterfaceOrientations_iPad = "UIInterfaceOrientationPortrait UIInterfaceOrientationPortraitUpsideDown UIInterfaceOrientationLandscapeLeft UIInterfaceOrientationLandscapeRight";
				INFOPLIST_KEY_UISupportedInterfaceOrientations_iPhone = "UIInterfaceOrientationPortrait UIInterfaceOrientationLandscapeLeft UIInterfaceOrientationLandscapeRight";
				IPHONEOS_DEPLOYMENT_TARGET = 16.6;
				LD_RUNPATH_SEARCH_PATHS = (
					"$(inherited)",
					"@executable_path/Frameworks",
				);
				MARKETING_VERSION = 1.0;
				PRODUCT_BUNDLE_IDENTIFIER = com.sdsoftware.FetchRecipes;
				PRODUCT_NAME = "$(TARGET_NAME)";
				SWIFT_EMIT_LOC_STRINGS = YES;
				SWIFT_VERSION = 5.0;
				TARGETED_DEVICE_FAMILY = "1,2";
			};
			name = Release;
		};
		85CF341D2D5E77FA00187C2A /* Debug */ = {
			isa = XCBuildConfiguration;
			buildSettings = {
				BUNDLE_LOADER = "$(TEST_HOST)";
				CODE_SIGN_STYLE = Automatic;
				CURRENT_PROJECT_VERSION = 1;
				DEVELOPMENT_TEAM = NB4GG24FWL;
				GENERATE_INFOPLIST_FILE = YES;
				IPHONEOS_DEPLOYMENT_TARGET = 18.2;
				MARKETING_VERSION = 1.0;
				PRODUCT_BUNDLE_IDENTIFIER = com.sdsoftware.FetchRecipesTests;
				PRODUCT_NAME = "$(TARGET_NAME)";
				SWIFT_EMIT_LOC_STRINGS = NO;
				SWIFT_VERSION = 5.0;
				TARGETED_DEVICE_FAMILY = "1,2";
				TEST_HOST = "$(BUILT_PRODUCTS_DIR)/FetchRecipes.app/$(BUNDLE_EXECUTABLE_FOLDER_PATH)/FetchRecipes";
			};
			name = Debug;
		};
		85CF341E2D5E77FA00187C2A /* Release */ = {
			isa = XCBuildConfiguration;
			buildSettings = {
				BUNDLE_LOADER = "$(TEST_HOST)";
				CODE_SIGN_STYLE = Automatic;
				CURRENT_PROJECT_VERSION = 1;
				DEVELOPMENT_TEAM = NB4GG24FWL;
				GENERATE_INFOPLIST_FILE = YES;
				IPHONEOS_DEPLOYMENT_TARGET = 18.2;
				MARKETING_VERSION = 1.0;
				PRODUCT_BUNDLE_IDENTIFIER = com.sdsoftware.FetchRecipesTests;
				PRODUCT_NAME = "$(TARGET_NAME)";
				SWIFT_EMIT_LOC_STRINGS = NO;
				SWIFT_VERSION = 5.0;
				TARGETED_DEVICE_FAMILY = "1,2";
				TEST_HOST = "$(BUILT_PRODUCTS_DIR)/FetchRecipes.app/$(BUNDLE_EXECUTABLE_FOLDER_PATH)/FetchRecipes";
			};
			name = Release;
		};
		85CF34202D5E77FA00187C2A /* Debug */ = {
			isa = XCBuildConfiguration;
			buildSettings = {
				CODE_SIGN_STYLE = Automatic;
				CURRENT_PROJECT_VERSION = 1;
				DEVELOPMENT_TEAM = NB4GG24FWL;
				GENERATE_INFOPLIST_FILE = YES;
				MARKETING_VERSION = 1.0;
				PRODUCT_BUNDLE_IDENTIFIER = com.sdsoftware.FetchRecipesUITests;
				PRODUCT_NAME = "$(TARGET_NAME)";
				SWIFT_EMIT_LOC_STRINGS = NO;
				SWIFT_VERSION = 5.0;
				TARGETED_DEVICE_FAMILY = "1,2";
				TEST_TARGET_NAME = FetchRecipes;
			};
			name = Debug;
		};
		85CF34212D5E77FA00187C2A /* Release */ = {
			isa = XCBuildConfiguration;
			buildSettings = {
				CODE_SIGN_STYLE = Automatic;
				CURRENT_PROJECT_VERSION = 1;
				DEVELOPMENT_TEAM = NB4GG24FWL;
				GENERATE_INFOPLIST_FILE = YES;
				MARKETING_VERSION = 1.0;
				PRODUCT_BUNDLE_IDENTIFIER = com.sdsoftware.FetchRecipesUITests;
				PRODUCT_NAME = "$(TARGET_NAME)";
				SWIFT_EMIT_LOC_STRINGS = NO;
				SWIFT_VERSION = 5.0;
				TARGETED_DEVICE_FAMILY = "1,2";
				TEST_TARGET_NAME = FetchRecipes;
			};
			name = Release;
		};
/* End XCBuildConfiguration section */

/* Begin XCConfigurationList section */
		85CF33F02D5E77F200187C2A /* Build configuration list for PBXProject "FetchRecipes" */ = {
			isa = XCConfigurationList;
			buildConfigurations = (
				85CF34172D5E77FA00187C2A /* Debug */,
				85CF34182D5E77FA00187C2A /* Release */,
			);
			defaultConfigurationIsVisible = 0;
			defaultConfigurationName = Release;
		};
		85CF34192D5E77FA00187C2A /* Build configuration list for PBXNativeTarget "FetchRecipes" */ = {
			isa = XCConfigurationList;
			buildConfigurations = (
				85CF341A2D5E77FA00187C2A /* Debug */,
				85CF341B2D5E77FA00187C2A /* Release */,
			);
			defaultConfigurationIsVisible = 0;
			defaultConfigurationName = Release;
		};
		85CF341C2D5E77FA00187C2A /* Build configuration list for PBXNativeTarget "FetchRecipesTests" */ = {
			isa = XCConfigurationList;
			buildConfigurations = (
				85CF341D2D5E77FA00187C2A /* Debug */,
				85CF341E2D5E77FA00187C2A /* Release */,
			);
			defaultConfigurationIsVisible = 0;
			defaultConfigurationName = Release;
		};
		85CF341F2D5E77FA00187C2A /* Build configuration list for PBXNativeTarget "FetchRecipesUITests" */ = {
			isa = XCConfigurationList;
			buildConfigurations = (
				85CF34202D5E77FA00187C2A /* Debug */,
				85CF34212D5E77FA00187C2A /* Release */,
			);
			defaultConfigurationIsVisible = 0;
			defaultConfigurationName = Release;
		};
/* End XCConfigurationList section */
	};
	rootObject = 85CF33ED2D5E77F200187C2A /* Project object */;
}
